
Microsoft Visual Studio Solution File, Format Version 12.00
# Visual Studio 2013
VisualStudioVersion = 12.0.40629.0
MinimumVisualStudioVersion = 10.0.40219.1
Project("{FAE04EC0-301F-11D3-BF4B-00C04F79EFBC}") = "RESTapi.Common", "RESTapi.Common\RESTapi.Common.csproj", "{A5E5A5D4-CD89-4DBE-BFCD-346291023562}"
EndProject
Project("{FAE04EC0-301F-11D3-BF4B-00C04F79EFBC}") = "RESTapi.Data", "RESTapi.Data\RESTapi.Data.csproj", "{5F4CB436-CFF5-4EAD-988A-230DCBD97102}"
EndProject
Project("{FAE04EC0-301F-11D3-BF4B-00C04F79EFBC}") = "RESTapi.Data.SqlServer", "RESTapi.Data.SqlServer\RESTapi.Data.SqlServer.csproj", "{0EF87AF3-EF0D-4C24-A7A2-44013831ECE7}"
EndProject
Project("{FAE04EC0-301F-11D3-BF4B-00C04F79EFBC}") = "RESTapi..Web.Api.Models", "RESTapi..Web.Api.Models\RESTapi..Web.Api.Models.csproj", "{773756D6-BD82-4BD4-87BE-529664263B7B}"
EndProject
Project("{FAE04EC0-301F-11D3-BF4B-00C04F79EFBC}") = "RESTapi.Web.Common", "RESTapi.Web.Common\RESTapi.Web.Common.csproj", "{74140602-9F6A-4C5A-98FC-B0475A0DDF19}"
EndProject
Global
	GlobalSection(SolutionConfigurationPlatforms) = preSolution
		Debug|Any CPU = Debug|Any CPU
		Release|Any CPU = Release|Any CPU
	EndGlobalSection
	GlobalSection(ProjectConfigurationPlatforms) = postSolution
		{A5E5A5D4-CD89-4DBE-BFCD-346291023562}.Debug|Any CPU.ActiveCfg = Debug|Any CPU
		{A5E5A5D4-CD89-4DBE-BFCD-346291023562}.Debug|Any CPU.Build.0 = Debug|Any CPU
		{A5E5A5D4-CD89-4DBE-BFCD-346291023562}.Release|Any CPU.ActiveCfg = Release|Any CPU
		{A5E5A5D4-CD89-4DBE-BFCD-346291023562}.Release|Any CPU.Build.0 = Release|Any CPU
		{5F4CB436-CFF5-4EAD-988A-230DCBD97102}.Debug|Any CPU.ActiveCfg = Debug|Any CPU
		{5F4CB436-CFF5-4EAD-988A-230DCBD97102}.Debug|Any CPU.Build.0 = Debug|Any CPU
		{5F4CB436-CFF5-4EAD-988A-230DCBD97102}.Release|Any CPU.ActiveCfg = Release|Any CPU
		{5F4CB436-CFF5-4EAD-988A-230DCBD97102}.Release|Any CPU.Build.0 = Release|Any CPU
		{0EF87AF3-EF0D-4C24-A7A2-44013831ECE7}.Debug|Any CPU.ActiveCfg = Debug|Any CPU
		{0EF87AF3-EF0D-4C24-A7A2-44013831ECE7}.Debug|Any CPU.Build.0 = Debug|Any CPU
		{0EF87AF3-EF0D-4C24-A7A2-44013831ECE7}.Release|Any CPU.ActiveCfg = Release|Any CPU
		{0EF87AF3-EF0D-4C24-A7A2-44013831ECE7}.Release|Any CPU.Build.0 = Release|Any CPU
		{773756D6-BD82-4BD4-87BE-529664263B7B}.Debug|Any CPU.ActiveCfg = Debug|Any CPU
		{773756D6-BD82-4BD4-87BE-529664263B7B}.Debug|Any CPU.Build.0 = Debug|Any CPU
		{773756D6-BD82-4BD4-87BE-529664263B7B}.Release|Any CPU.ActiveCfg = Release|Any CPU
		{773756D6-BD82-4BD4-87BE-529664263B7B}.Release|Any CPU.Build.0 = Release|Any CPU
		{74140602-9F6A-4C5A-98FC-B0475A0DDF19}.Debug|Any CPU.ActiveCfg = Debug|Any CPU
		{74140602-9F6A-4C5A-98FC-B0475A0DDF19}.Debug|Any CPU.Build.0 = Debug|Any CPU
		{74140602-9F6A-4C5A-98FC-B0475A0DDF19}.Release|Any CPU.ActiveCfg = Release|Any CPU
		{74140602-9F6A-4C5A-98FC-B0475A0DDF19}.Release|Any CPU.Build.0 = Release|Any CPU
	EndGlobalSection
	GlobalSection(SolutionProperties) = preSolution
		HideSolutionNode = FALSE
	EndGlobalSection
EndGlobal
